
Microsoft Visual Studio Solution File, Format Version 12.00
# Visual Studio 15
VisualStudioVersion = 15.0.28307.902
MinimumVisualStudioVersion = 10.0.40219.1
Project("{8BC9CEB8-8B4A-11D0-8D11-00A0C91BC942}") = "ConsoleApplication", "ConsoleApplication\ConsoleApplication.vcxproj", "{A03D5C55-06D8-4ED1-A5A7-05D35CF4F968}"
	ProjectSection(ProjectDependencies) = postProject
		{4C9F27E2-A55B-4202-A597-1C82BA96043A} = {4C9F27E2-A55B-4202-A597-1C82BA96043A}
	EndProjectSection
EndProject
Project("{8BC9CEB8-8B4A-11D0-8D11-00A0C91BC942}") = "Framework", "Framework\Framework.vcxproj", "{4C9F27E2-A55B-4202-A597-1C82BA96043A}"
EndProject
Global
	GlobalSection(SolutionConfigurationPlatforms) = preSolution
		Debug|x64 = Debug|x64
		Debug|x86 = Debug|x86
		Release|x64 = Release|x64
		Release|x86 = Release|x86
	EndGlobalSection
	GlobalSection(ProjectConfigurationPlatforms) = postSolution
		{A03D5C55-06D8-4ED1-A5A7-05D35CF4F968}.Debug|x64.ActiveCfg = Debug|x64
		{A03D5C55-06D8-4ED1-A5A7-05D35CF4F968}.Debug|x64.Build.0 = Debug|x64
		{A03D5C55-06D8-4ED1-A5A7-05D35CF4F968}.Debug|x86.ActiveCfg = Debug|Win32
		{A03D5C55-06D8-4ED1-A5A7-05D35CF4F968}.Debug|x86.Build.0 = Debug|Win32
		{A03D5C55-06D8-4ED1-A5A7-05D35CF4F968}.Release|x64.ActiveCfg = Release|x64
		{A03D5C55-06D8-4ED1-A5A7-05D35CF4F968}.Release|x64.Build.0 = Release|x64
		{A03D5C55-06D8-4ED1-A5A7-05D35CF4F968}.Release|x86.ActiveCfg = Release|Win32
		{A03D5C55-06D8-4ED1-A5A7-05D35CF4F968}.Release|x86.Build.0 = Release|Win32
		{4C9F27E2-A55B-4202-A597-1C82BA96043A}.Debug|x64.ActiveCfg = Debug|x64
		{4C9F27E2-A55B-4202-A597-1C82BA96043A}.Debug|x64.Build.0 = Debug|x64
		{4C9F27E2-A55B-4202-A597-1C82BA96043A}.Debug|x86.ActiveCfg = Debug|Win32
		{4C9F27E2-A55B-4202-A597-1C82BA96043A}.Debug|x86.Build.0 = Debug|Win32
		{4C9F27E2-A55B-4202-A597-1C82BA96043A}.Release|x64.ActiveCfg = Release|x64
		{4C9F27E2-A55B-4202-A597-1C82BA96043A}.Release|x64.Build.0 = Release|x64
		{4C9F27E2-A55B-4202-A597-1C82BA96043A}.Release|x86.ActiveCfg = Release|Win32
		{4C9F27E2-A55B-4202-A597-1C82BA96043A}.Release|x86.Build.0 = Release|Win32
	EndGlobalSection
	GlobalSection(SolutionProperties) = preSolution
		HideSolutionNode = FALSE
	EndGlobalSection
	GlobalSection(ExtensibilityGlobals) = postSolution
		SolutionGuid = {E1B48D17-8E4D-4E69-A4FB-9D3420FACD10}
	EndGlobalSection
EndGlobal
